{
  "version": 1,
  "dependencies": {
    "net7.0": {
      "Autofac": {
        "type": "Direct",
        "requested": "[6.4.0, )",
        "resolved": "6.4.0",
        "contentHash": "tkFxl6wAPuwVhrlN8wuNADnd+k2tv4ReP7ZZSL0vjfcN0RcfC9v25ogxK6b03HC7D4NwWjSLf1G/zTG8Bw43wQ==",
        "dependencies": {
          "System.Diagnostics.DiagnosticSource": "4.7.1"
        }
      },
      "Delogger": {
        "type": "Direct",
        "requested": "[1.0.1, )",
        "resolved": "1.0.1",
        "contentHash": "BxvhCRBkpnGYikUEDiJwQgpIuGt5Ili9kyauwu8p7SrnF4XidKI+/TGeZut/CIasQOU9k4Eon0kG9urOfA7m1A=="
      },
      "System.Reactive": {
        "type": "Direct",
        "requested": "[5.0.0, )",
        "resolved": "5.0.0",
        "contentHash": "erBZjkQHWL9jpasCE/0qKAryzVBJFxGHVBAvgRN1bzM0q2s1S4oYREEEL0Vb+1kA/6BKb5FjUZMp5VXmy+gzkQ=="
      },
      "YamlDotNet": {
        "type": "Direct",
        "requested": "[12.0.0, )",
        "resolved": "12.0.0",
        "contentHash": "sMp20zI63j7xVoor98vGeDxteLeyuAlM330L7XbXxMMPjLdP1mwoK/5Nn/8Vldc9hUMN5otkg88bVLEtQnPdaw=="
      },
      "AnyOf": {
        "type": "Transitive",
        "resolved": "0.3.0",
        "contentHash": "2jerEsjkCQ8o8w6CZRch3GnrdEw0fIDzMcalMx+JYfr0A+JtZwIhknlZ3xs+xdXHbTzRhi/7zpc3A1lawCUvTg=="
      },
      "AsyncKeyedLock": {
        "type": "Transitive",
        "resolved": "6.3.3",
        "contentHash": "uPX+UGl88YMd1bmwAeh9B9DN54GWIRNCcm0Q+4qYrr2NTia3Y9wezZ+meZjCJCTWTay9tF8zjcIycahHVf5oEA=="
      },
      "EntityFramework": {
        "type": "Transitive",
        "resolved": "6.3.0",
        "contentHash": "mEvhoXscTyLFMcnbLzKlbWdx6N8fCY2IMe4drjUTMFqOqI4KThnTPXr1m50oXDJAn5PvCy2e90IcwN/OxkJUjg==",
        "dependencies": {
          "Microsoft.CSharp": "4.6.0",
          "System.CodeDom": "4.6.0",
          "System.ComponentModel.Annotations": "4.6.0",
          "System.Configuration.ConfigurationManager": "4.6.0",
          "System.Data.SqlClient": "4.7.0"
        }
      },
      "LinqKit": {
        "type": "Transitive",
        "resolved": "1.2.4",
        "contentHash": "tL30VZ2Vs2wwcCx89nvFZB9XW61LBWau9kCPWHE4xfBHQAb250sLNRWkoMND3bMgYFCuAIMqdPz32chao3oSFw==",
        "dependencies": {
          "EntityFramework": "6.3.0",
          "LinqKit.Core": "1.2.4"
        }
      },
      "LinqKit.Core": {
        "type": "Transitive",
        "resolved": "1.2.4",
        "contentHash": "cR88ymKSFZu1XZnmUzGl8eyeLRqnpiTMZBf+DBSr4kWRmfr40mwNdyLooCe3Or/WbkkmCo5erypLdmZTsNXi+w=="
      },
      "Microsoft.CSharp": {
        "type": "Transitive",
        "resolved": "4.6.0",
        "contentHash": "kxn3M2rnAGy5N5DgcIwcE8QTePWU/XiYcQVzn9HqTls2NKluVzVSmVWRjK7OUPWbljCXuZxHyhEz9kPRIQeXow=="
      },
      "Microsoft.Data.Sqlite.Core": {
        "type": "Transitive",
        "resolved": "6.0.9",
        "contentHash": "vH2Mul/lTqCYIaLDl1ICvv8LrDl1870s7erbRjyWdMNWIzL05I+k6osKifzQpqFNkhAApjU3GgEYHuw1XZBoxA==",
        "dependencies": {
          "SQLitePCLRaw.core": "2.0.6"
        }
      },
      "Microsoft.NETCore.Platforms": {
        "type": "Transitive",
        "resolved": "3.0.0",
        "contentHash": "TsETIgVJb/AKoYfSP+iCxkuly5d3inZjTdx/ItZLk2CxY85v8083OBS3uai84kK3/baLnS5/b5XGs6zR7SuuHQ=="
      },
      "Microsoft.Win32.Registry": {
        "type": "Transitive",
        "resolved": "4.6.0",
        "contentHash": "Xuqo5Lf5h1eUAbT8sJwNSEgusyEcQQQcza1R8dxJ6q/1vLSU1SG/WxtgiCPAth14dz/IjBXCxWT/+6E9glX33w==",
        "dependencies": {
          "System.Security.AccessControl": "4.6.0",
          "System.Security.Principal.Windows": "4.6.0"
        }
      },
      "Microsoft.Win32.SystemEvents": {
        "type": "Transitive",
        "resolved": "4.6.0",
        "contentHash": "Edg+pFW5C8WJb680Za2kTV8TqUi6Ahl/WldRVoOVJ23UQLpDHFspa+umgFjkWZw24ETsU99Cg+ErZz683M4chg==",
        "dependencies": {
          "Microsoft.NETCore.Platforms": "3.0.0"
        }
      },
      "Nito.AsyncEx": {
        "type": "Transitive",
        "resolved": "5.1.2",
        "contentHash": "hq+N63M/2znx2z1VzvPDHNg+HIWKdIloEZre+P7E0O+2iRf1Q4HBOgeiJU6SzFD/fWoyKyKSSSrekk4RgiXaeQ==",
        "dependencies": {
          "Nito.AsyncEx.Context": "5.1.2",
          "Nito.AsyncEx.Coordination": "5.1.2",
          "Nito.AsyncEx.Interop.WaitHandles": "5.1.2",
          "Nito.AsyncEx.Oop": "5.1.2",
          "Nito.AsyncEx.Tasks": "5.1.2",
          "Nito.Cancellation": "1.1.2"
        }
      },
      "Nito.AsyncEx.Context": {
        "type": "Transitive",
        "resolved": "5.1.2",
        "contentHash": "rMwL7Nj3oNyvFu/jxUzQ/YBobEkM2RQHe+5mpCDRyq6mfD7vCj7Z3rjB6XgpM6Mqcx1CA2xGv0ascU/2Xk8IIg==",
        "dependencies": {
          "Nito.AsyncEx.Tasks": "5.1.2"
        }
      },
      "Nito.AsyncEx.Coordination": {
        "type": "Transitive",
        "resolved": "5.1.2",
        "contentHash": "QMyUfsaxov//0ZMbOHWr9hJaBFteZd66DV1ay4J5wRODDb8+K/uHC7+3VsOflo6SVw/29mu8OWZp8vMDSuzc0w==",
        "dependencies": {
          "Nito.AsyncEx.Tasks": "5.1.2",
          "Nito.Collections.Deque": "1.1.1"
        }
      },
      "Nito.AsyncEx.Interop.WaitHandles": {
        "type": "Transitive",
        "resolved": "5.1.2",
        "contentHash": "qym29lFBCSIacKvFcJDW+beXzuO+6y9lWdd1KecxzzAqtNuvlYgNPwIsxwdhEINLhTT4aDuCM3JalpUZYWI51Q==",
        "dependencies": {
          "Nito.AsyncEx.Tasks": "5.1.2"
        }
      },
      "Nito.AsyncEx.Oop": {
        "type": "Transitive",
        "resolved": "5.1.2",
        "contentHash": "MxQl/NFoPgMApyjbB2fSZBrjdf9r6ODd/BTrWLyJKYX6UeNfw0Ocr0cPiTg2LRN0Ayud8Gj4dh67AdasNn709Q==",
        "dependencies": {
          "Nito.AsyncEx.Coordination": "5.1.2"
        }
      },
      "Nito.AsyncEx.Tasks": {
        "type": "Transitive",
        "resolved": "5.1.2",
        "contentHash": "jEkCfR2/M26OK/U4G7SEN063EU/F4LiVA06TtpZILMdX/quIHCg+wn31Zerl2LC+u1cyFancjTY3cNAr2/89PA==",
        "dependencies": {
          "Nito.Disposables": "2.2.1"
        }
      },
      "Nito.Cancellation": {
        "type": "Transitive",
        "resolved": "1.1.2",
        "contentHash": "Z+SZKp0KxMC6tEVbXe8ah4pBJadyqP0pObQMaZcBavhIDEIsGuxt7PL+B9AiNJD3Ni5VgnZsnii5HPJgVDE81w==",
        "dependencies": {
          "Nito.Disposables": "2.2.1"
        }
      },
      "Nito.Collections.Deque": {
        "type": "Transitive",
        "resolved": "1.1.1",
        "contentHash": "CU0/Iuv5VDynK8I8pDLwkgF0rZhbQoZahtodfL0M3x2gFkpBRApKs8RyMyNlAi1mwExE4gsmqQXk4aFVvW9a4Q=="
      },
      "Nito.Disposables": {
        "type": "Transitive",
        "resolved": "2.2.1",
        "contentHash": "6sZ5uynQeAE9dPWBQGKebNmxbY4xsvcc5VplB5WkYEESUS7oy4AwnFp0FhqxTSKm/PaFrFqLrYr696CYN8cugg==",
        "dependencies": {
          "System.Collections.Immutable": "1.7.1"
        }
      },
      "runtime.native.System.Data.SqlClient.sni": {
        "type": "Transitive",
        "resolved": "4.6.0",
        "contentHash": "WRq11dBcJYyAbrUVguvv3BqNGl5ub60mZxUd+xaxNsSOb7tMLQxjbiyD/hF6FSl1akiom7GMttPDa3TW+UmnAQ==",
        "dependencies": {
          "runtime.win-arm64.runtime.native.System.Data.SqlClient.sni": "4.4.0",
          "runtime.win-x64.runtime.native.System.Data.SqlClient.sni": "4.4.0",
          "runtime.win-x86.runtime.native.System.Data.SqlClient.sni": "4.4.0"
        }
      },
      "runtime.win-arm64.runtime.native.System.Data.SqlClient.sni": {
        "type": "Transitive",
        "resolved": "4.4.0",
        "contentHash": "LbrynESTp3bm5O/+jGL8v0Qg5SJlTV08lpIpFesXjF6uGNMWqFnUQbYBJwZTeua6E/Y7FIM1C54Ey1btLWupdg=="
      },
      "runtime.win-x64.runtime.native.System.Data.SqlClient.sni": {
        "type": "Transitive",
        "resolved": "4.4.0",
        "contentHash": "38ugOfkYJqJoX9g6EYRlZB5U2ZJH51UP8ptxZgdpS07FgOEToV+lS11ouNK2PM12Pr6X/PpT5jK82G3DwH/SxQ=="
      },
      "runtime.win-x86.runtime.native.System.Data.SqlClient.sni": {
        "type": "Transitive",
        "resolved": "4.4.0",
        "contentHash": "YhEdSQUsTx+C8m8Bw7ar5/VesXvCFMItyZF7G1AUY+OM0VPZUOeAVpJ4Wl6fydBGUYZxojTDR3I6Bj/+BPkJNA=="
      },
      "SQLitePCLRaw.core": {
        "type": "Transitive",
        "resolved": "2.0.6",
        "contentHash": "Vh8n0dTvwXkCGur2WqQTITvk4BUO8i8h9ucSx3wwuaej3s2S6ZC0R7vqCTf9TfS/I4QkXO6g3W2YQIRFkOcijA==",
        "dependencies": {
          "System.Memory": "4.5.3"
        }
      },
      "System.CodeDom": {
        "type": "Transitive",
        "resolved": "4.6.0",
        "contentHash": "ArWGZOxPhOaJUd4YgvbTxGZDbVDJHPAOQNiJIpbRDPW6v2NT5xkallQv1zpu8Rwwb5Z3iZ1jwWA4gSQuWgR+jw=="
      },
      "System.Collections.Immutable": {
        "type": "Transitive",
        "resolved": "1.7.1",
        "contentHash": "B43Zsz5EfMwyEbnObwRxW5u85fzJma3lrDeGcSAV1qkhSRTNY5uXAByTn9h9ddNdhM+4/YoLc/CI43umjwIl9Q=="
      },
      "System.ComponentModel.Annotations": {
        "type": "Transitive",
        "resolved": "4.6.0",
        "contentHash": "pOd+UhZ3X8xfwKDlgAzowUJNjp8VYVmOHZm++vCd0kq1HZ0zK3mNo2yRXjYgv7Ik/Xi43fmJfND2PLEsQSALCg=="
      },
      "System.Configuration.ConfigurationManager": {
        "type": "Transitive",
        "resolved": "4.6.0",
        "contentHash": "gkNklXxdmB3r4SQTUzRhESZAb3MotgDz24XYi2R/bIjJ10SF0KHJ/qTEwi9CLyIAOTjmCo8Vx8+rKldLaiW7Ig==",
        "dependencies": {
          "System.Security.Cryptography.ProtectedData": "4.6.0",
          "System.Security.Permissions": "4.6.0"
        }
      },
      "System.Data.SqlClient": {
        "type": "Transitive",
        "resolved": "4.7.0",
        "contentHash": "lV3ljZeFc01DYyjcEBSxK3sy8Ow2R6AWa6o+g0t7B4hoDcA6Kzv4bTB4E4T7C/pKuZzHeBFLxe6fD4Am4q939Q==",
        "dependencies": {
          "Microsoft.Win32.Registry": "4.6.0",
          "System.Security.Principal.Windows": "4.6.0",
          "runtime.native.System.Data.SqlClient.sni": "4.6.0"
        }
      },
      "System.Diagnostics.DiagnosticSource": {
        "type": "Transitive",
        "resolved": "4.7.1",
        "contentHash": "j81Lovt90PDAq8kLpaJfJKV/rWdWuEk6jfV+MBkee33vzYLEUsy4gXK8laa9V2nZlLM9VM9yA/OOQxxPEJKAMw=="
      },
      "System.Drawing.Common": {
        "type": "Transitive",
        "resolved": "4.6.0",
        "contentHash": "2A3spjjoPZnvpVh/sDTzd+0H8ZqTdr+hH/6obB8MMfG81EJ85PmxCKDBxhBVQiA25PliKAZ1sKogDcq9mSnFEA==",
        "dependencies": {
          "Microsoft.NETCore.Platforms": "3.0.0",
          "Microsoft.Win32.SystemEvents": "4.6.0"
        }
      },
      "System.Memory": {
        "type": "Transitive",
        "resolved": "4.5.3",
        "contentHash": "3oDzvc/zzetpTKWMShs1AADwZjQ/36HnsufHRPcOjyRAAMLDlu2iD33MBI2opxnezcVUtXyqDXXjoFMOU9c7SA=="
      },
      "System.Security.AccessControl": {
        "type": "Transitive",
        "resolved": "4.6.0",
        "contentHash": "gmlk6khICtVhiUnVBBtlsH0H/5QFDqhTZgtpp3AX14wWE6OIE+BX95NLD+X4AolXnIy/oXpNNmXYnsNfW1KuDQ==",
        "dependencies": {
          "Microsoft.NETCore.Platforms": "3.0.0",
          "System.Security.Principal.Windows": "4.6.0"
        }
      },
      "System.Security.Cryptography.ProtectedData": {
        "type": "Transitive",
        "resolved": "4.6.0",
        "contentHash": "zdCsTOakmbAQVyOI6+ZadvXZgzSiFiY5nXAfGUQNGrz3ofc9sjehpXRvqYb3vWUsvloYFILSpiQCjiZVFKRBjA=="
      },
      "System.Security.Permissions": {
        "type": "Transitive",
        "resolved": "4.6.0",
        "contentHash": "W3Uxog9KCZAmGYsOFHgJnb7L2q+SDbxS3vGnFHmErUnXuIjWYpIh1KVTlua7qmPdrlRCkAcTF9dImv+jciBPOQ==",
        "dependencies": {
          "System.Security.AccessControl": "4.6.0",
          "System.Windows.Extensions": "4.6.0"
        }
      },
      "System.Security.Principal.Windows": {
        "type": "Transitive",
        "resolved": "4.6.0",
        "contentHash": "Mdukseovp0YIGaz16FMH6nbfgZkrCFOJbtXQptv0aeBO9h775Ilb9+TDwLVTKikoW7y7CY7lpoXl9zmZ5G3ndA=="
      },
      "System.Windows.Extensions": {
        "type": "Transitive",
        "resolved": "4.6.0",
        "contentHash": "GL4izk0KgeyXklUOHViAk7y1IOYVYcn8nDpJZgcCqNzTGv2xd+8rgGgMKMo8G9nvfEuRCrNxWnGc74EiuYH2YA==",
        "dependencies": {
          "System.Drawing.Common": "4.6.0"
        }
      },
      "coolstuff": {
        "type": "Project",
        "dependencies": {
          "AsyncKeyedLock": "[6.3.3, )"
        }
      },
      "database.interfaces": {
        "type": "Project",
        "dependencies": {
          "FileSystem.Interfaces": "[1.0.0, )"
        }
      },
      "ecs": {
        "type": "Project",
        "dependencies": {
          "Linq": "[1.0.0, )",
          "LinqKit": "[1.2.4, )",
          "Microsoft.Data.Sqlite.Core": "[6.0.9, )"
        }
      },
      "extensions": {
        "type": "Project",
        "dependencies": {
          "AnyOf": "[0.3.0, )"
        }
      },
      "filesystem.interfaces": {
        "type": "Project"
      },
      "linq": {
        "type": "Project"
      },
      "odin": {
        "type": "Project",
        "dependencies": {
          "Autofac": "[6.4.0, )",
          "ECS": "[1.0.0, )",
          "Nito.AsyncEx": "[5.1.2, )"
        }
      },
      "project.raw": {
        "type": "Project",
        "dependencies": {
          "Autofac": "[6.4.0, )",
          "CoolStuff": "[1.0.0, )",
          "Database.Interfaces": "[1.0.0, )",
          "Extensions": "[1.0.0, )",
          "FileSystem.Interfaces": "[1.0.0, )",
          "Project.Shared": "[1.0.0, )",
          "System.Reactive": "[5.0.0, )"
        }
      },
      "project.shared": {
        "type": "Project",
        "dependencies": {
          "YamlDotNet": "[12.0.0, )"
        }
      },
      "project.storage": {
        "type": "Project",
        "dependencies": {
          "AsyncKeyedLock": "[6.3.3, )",
          "Autofac": "[6.4.0, )",
          "CoolStuff": "[1.0.0, )",
          "Database.Interfaces": "[1.0.0, )",
          "Delogger": "[1.0.1, )",
          "Extensions": "[1.0.0, )",
          "FileSystem.Interfaces": "[1.0.0, )",
          "Linq": "[1.0.0, )",
          "Project.Raw": "[1.0.0, )",
          "Project.Shared": "[1.0.0, )",
          "System.Reactive": "[5.0.0, )",
          "YamlDotNet": "[12.0.0, )"
        }
      }
    }
  }
}