{
  "version": 1,
  "dependencies": {
    "net7.0": {
      "Microsoft.Data.Sqlite.Core": {
        "type": "Direct",
        "requested": "[6.0.9, )",
        "resolved": "6.0.9",
        "contentHash": "vH2Mul/lTqCYIaLDl1ICvv8LrDl1870s7erbRjyWdMNWIzL05I+k6osKifzQpqFNkhAApjU3GgEYHuw1XZBoxA==",
        "dependencies": {
          "SQLitePCLRaw.core": "2.0.6"
        }
      },
      "AnyOf": {
        "type": "Transitive",
        "resolved": "0.3.0",
        "contentHash": "2jerEsjkCQ8o8w6CZRch3GnrdEw0fIDzMcalMx+JYfr0A+JtZwIhknlZ3xs+xdXHbTzRhi/7zpc3A1lawCUvTg=="
      },
      "AsyncKeyedLock": {
        "type": "Transitive",
        "resolved": "6.1.1",
        "contentHash": "8Qlf6yVa0iaHhiI1UWrYdFoHQWN+MChEu/1N9ryU0nGbvr8OxkHu4UcII3d+0E74WMop8YL/7wxaybnRZMdqnw=="
      },
      "SQLitePCLRaw.core": {
        "type": "Transitive",
        "resolved": "2.0.6",
        "contentHash": "Vh8n0dTvwXkCGur2WqQTITvk4BUO8i8h9ucSx3wwuaej3s2S6ZC0R7vqCTf9TfS/I4QkXO6g3W2YQIRFkOcijA==",
        "dependencies": {
          "System.Memory": "4.5.3"
        }
      },
      "System.Memory": {
        "type": "Transitive",
        "resolved": "4.5.3",
        "contentHash": "3oDzvc/zzetpTKWMShs1AADwZjQ/36HnsufHRPcOjyRAAMLDlu2iD33MBI2opxnezcVUtXyqDXXjoFMOU9c7SA=="
      },
      "coolstuff": {
        "type": "Project",
        "dependencies": {
          "AsyncKeyedLock": "6.1.1"
        }
      },
      "extensions": {
        "type": "Project",
        "dependencies": {
          "AnyOf": "0.3.0"
        }
      },
      "linq": {
        "type": "Project"
      },
      "schema": {
        "type": "Project",
        "dependencies": {
          "CoolStuff": "1.0.0",
          "Extensions": "1.0.0",
          "Linq": "1.0.0"
        }
      }
    }
  }
}