
Microsoft Visual Studio Solution File, Format Version 12.00
# Visual Studio Version 17
VisualStudioVersion = 17.3.32825.248
MinimumVisualStudioVersion = 10.0.40219.1
Project("{9A19103F-16F7-4668-BE54-9A1E7A4F7556}") = "Macropus", "Macropus\Macropus.csproj", "{B852833B-48B8-4C72-B54B-770875F49100}"
EndProject
Project("{9A19103F-16F7-4668-BE54-9A1E7A4F7556}") = "Macropus.Interfaces", "Macropus.Interfaces\Macropus.Interfaces.csproj", "{4E0FE93B-F960-4766-811E-2DB42E1D2F51}"
EndProject
Project("{FAE04EC0-301F-11D3-BF4B-00C04F79EFBC}") = "Macropus.Database", "Macropus.Database\Macropus.Database.csproj", "{E39F32E4-4A7B-43AE-9A8C-8A60D096B492}"
EndProject
Project("{FAE04EC0-301F-11D3-BF4B-00C04F79EFBC}") = "Tests", "Tests\Tests.csproj", "{0DE04E8A-8941-4279-933C-4EC3D560F8CE}"
EndProject
Project("{FAE04EC0-301F-11D3-BF4B-00C04F79EFBC}") = "Macropus.ECS", "Macropus.ECS\Macropus.ECS.csproj", "{545ED6BE-038F-408A-B12E-5EAC21405A52}"
EndProject
Project("{FAE04EC0-301F-11D3-BF4B-00C04F79EFBC}") = "Macropus.Schema", "Macropus.Schema\Macropus.Schema.csproj", "{FACBB3B3-E9B1-4B81-B238-91864215D506}"
EndProject
Project("{FAE04EC0-301F-11D3-BF4B-00C04F79EFBC}") = "Macropus.Extensions", "Macropus.Extensions\Macropus.Extensions.csproj", "{44C1BF97-58F1-48BF-964A-833574B86CD9}"
EndProject
Project("{FAE04EC0-301F-11D3-BF4B-00C04F79EFBC}") = "Macropus.Linq", "Macropus.Linq\Macropus.Linq.csproj", "{2FF93311-60A0-4D7C-9A1C-64351E0729FC}"
EndProject
Project("{FAE04EC0-301F-11D3-BF4B-00C04F79EFBC}") = "Macropus.CoolStuff", "Macropus.CoolStuff\Macropus.CoolStuff.csproj", "{DAE55C8B-B10F-4DA3-AD9C-533A211E1E55}"
EndProject
Project("{FAE04EC0-301F-11D3-BF4B-00C04F79EFBC}") = "Macropus.FileSystem", "Macropus.FileSystem\Macropus.FileSystem.csproj", "{8838F523-0541-44C3-A674-F9F5BD0CE9FA}"
EndProject
Project("{FAE04EC0-301F-11D3-BF4B-00C04F79EFBC}") = "Macropus.FileSystem.Interfaces", "Macropus.FileSystem.Interfaces\Macropus.FileSystem.Interfaces.csproj", "{01731961-91C9-4126-93AA-85D7D1ACF682}"
EndProject
Project("{FAE04EC0-301F-11D3-BF4B-00C04F79EFBC}") = "Macropus.Database.Interfaces", "Macropus.Database.Interfaces\Macropus.Database.Interfaces.csproj", "{2493456D-5366-4A8F-BF3D-3C5653B4BB00}"
EndProject
Project("{2150E333-8FDC-42A3-9474-1A3956D46DE8}") = "Database", "Database", "{04AD8001-566B-4287-8952-478D6B0B3244}"
EndProject
Global
	GlobalSection(SolutionConfigurationPlatforms) = preSolution
		Debug|Any CPU = Debug|Any CPU
		Release|Any CPU = Release|Any CPU
	EndGlobalSection
	GlobalSection(ProjectConfigurationPlatforms) = postSolution
		{B852833B-48B8-4C72-B54B-770875F49100}.Debug|Any CPU.ActiveCfg = Debug|Any CPU
		{B852833B-48B8-4C72-B54B-770875F49100}.Debug|Any CPU.Build.0 = Debug|Any CPU
		{B852833B-48B8-4C72-B54B-770875F49100}.Release|Any CPU.ActiveCfg = Release|Any CPU
		{B852833B-48B8-4C72-B54B-770875F49100}.Release|Any CPU.Build.0 = Release|Any CPU
		{4E0FE93B-F960-4766-811E-2DB42E1D2F51}.Debug|Any CPU.ActiveCfg = Debug|Any CPU
		{4E0FE93B-F960-4766-811E-2DB42E1D2F51}.Debug|Any CPU.Build.0 = Debug|Any CPU
		{4E0FE93B-F960-4766-811E-2DB42E1D2F51}.Release|Any CPU.ActiveCfg = Release|Any CPU
		{4E0FE93B-F960-4766-811E-2DB42E1D2F51}.Release|Any CPU.Build.0 = Release|Any CPU
		{E39F32E4-4A7B-43AE-9A8C-8A60D096B492}.Debug|Any CPU.ActiveCfg = Debug|Any CPU
		{E39F32E4-4A7B-43AE-9A8C-8A60D096B492}.Debug|Any CPU.Build.0 = Debug|Any CPU
		{E39F32E4-4A7B-43AE-9A8C-8A60D096B492}.Release|Any CPU.ActiveCfg = Release|Any CPU
		{E39F32E4-4A7B-43AE-9A8C-8A60D096B492}.Release|Any CPU.Build.0 = Release|Any CPU
		{0DE04E8A-8941-4279-933C-4EC3D560F8CE}.Debug|Any CPU.ActiveCfg = Debug|Any CPU
		{0DE04E8A-8941-4279-933C-4EC3D560F8CE}.Debug|Any CPU.Build.0 = Debug|Any CPU
		{0DE04E8A-8941-4279-933C-4EC3D560F8CE}.Release|Any CPU.ActiveCfg = Release|Any CPU
		{0DE04E8A-8941-4279-933C-4EC3D560F8CE}.Release|Any CPU.Build.0 = Release|Any CPU
		{545ED6BE-038F-408A-B12E-5EAC21405A52}.Debug|Any CPU.ActiveCfg = Debug|Any CPU
		{545ED6BE-038F-408A-B12E-5EAC21405A52}.Debug|Any CPU.Build.0 = Debug|Any CPU
		{545ED6BE-038F-408A-B12E-5EAC21405A52}.Release|Any CPU.ActiveCfg = Release|Any CPU
		{545ED6BE-038F-408A-B12E-5EAC21405A52}.Release|Any CPU.Build.0 = Release|Any CPU
		{FACBB3B3-E9B1-4B81-B238-91864215D506}.Debug|Any CPU.ActiveCfg = Debug|Any CPU
		{FACBB3B3-E9B1-4B81-B238-91864215D506}.Debug|Any CPU.Build.0 = Debug|Any CPU
		{FACBB3B3-E9B1-4B81-B238-91864215D506}.Release|Any CPU.ActiveCfg = Release|Any CPU
		{FACBB3B3-E9B1-4B81-B238-91864215D506}.Release|Any CPU.Build.0 = Release|Any CPU
		{44C1BF97-58F1-48BF-964A-833574B86CD9}.Debug|Any CPU.ActiveCfg = Debug|Any CPU
		{44C1BF97-58F1-48BF-964A-833574B86CD9}.Debug|Any CPU.Build.0 = Debug|Any CPU
		{44C1BF97-58F1-48BF-964A-833574B86CD9}.Release|Any CPU.ActiveCfg = Release|Any CPU
		{44C1BF97-58F1-48BF-964A-833574B86CD9}.Release|Any CPU.Build.0 = Release|Any CPU
		{2FF93311-60A0-4D7C-9A1C-64351E0729FC}.Debug|Any CPU.ActiveCfg = Debug|Any CPU
		{2FF93311-60A0-4D7C-9A1C-64351E0729FC}.Debug|Any CPU.Build.0 = Debug|Any CPU
		{2FF93311-60A0-4D7C-9A1C-64351E0729FC}.Release|Any CPU.ActiveCfg = Release|Any CPU
		{2FF93311-60A0-4D7C-9A1C-64351E0729FC}.Release|Any CPU.Build.0 = Release|Any CPU
		{DAE55C8B-B10F-4DA3-AD9C-533A211E1E55}.Debug|Any CPU.ActiveCfg = Debug|Any CPU
		{DAE55C8B-B10F-4DA3-AD9C-533A211E1E55}.Debug|Any CPU.Build.0 = Debug|Any CPU
		{DAE55C8B-B10F-4DA3-AD9C-533A211E1E55}.Release|Any CPU.ActiveCfg = Release|Any CPU
		{DAE55C8B-B10F-4DA3-AD9C-533A211E1E55}.Release|Any CPU.Build.0 = Release|Any CPU
		{8838F523-0541-44C3-A674-F9F5BD0CE9FA}.Debug|Any CPU.ActiveCfg = Debug|Any CPU
		{8838F523-0541-44C3-A674-F9F5BD0CE9FA}.Debug|Any CPU.Build.0 = Debug|Any CPU
		{8838F523-0541-44C3-A674-F9F5BD0CE9FA}.Release|Any CPU.ActiveCfg = Release|Any CPU
		{8838F523-0541-44C3-A674-F9F5BD0CE9FA}.Release|Any CPU.Build.0 = Release|Any CPU
		{01731961-91C9-4126-93AA-85D7D1ACF682}.Debug|Any CPU.ActiveCfg = Debug|Any CPU
		{01731961-91C9-4126-93AA-85D7D1ACF682}.Debug|Any CPU.Build.0 = Debug|Any CPU
		{01731961-91C9-4126-93AA-85D7D1ACF682}.Release|Any CPU.ActiveCfg = Release|Any CPU
		{01731961-91C9-4126-93AA-85D7D1ACF682}.Release|Any CPU.Build.0 = Release|Any CPU
		{2493456D-5366-4A8F-BF3D-3C5653B4BB00}.Debug|Any CPU.ActiveCfg = Debug|Any CPU
		{2493456D-5366-4A8F-BF3D-3C5653B4BB00}.Debug|Any CPU.Build.0 = Debug|Any CPU
		{2493456D-5366-4A8F-BF3D-3C5653B4BB00}.Release|Any CPU.ActiveCfg = Release|Any CPU
		{2493456D-5366-4A8F-BF3D-3C5653B4BB00}.Release|Any CPU.Build.0 = Release|Any CPU
	EndGlobalSection
	GlobalSection(SolutionProperties) = preSolution
		HideSolutionNode = FALSE
	EndGlobalSection
	GlobalSection(ExtensibilityGlobals) = postSolution
		SolutionGuid = {5BDC59E7-78BF-4D75-B9C7-6247B34D9894}
	EndGlobalSection
	GlobalSection(NestedProjects) = preSolution
		{E39F32E4-4A7B-43AE-9A8C-8A60D096B492} = {04AD8001-566B-4287-8952-478D6B0B3244}
		{2493456D-5366-4A8F-BF3D-3C5653B4BB00} = {04AD8001-566B-4287-8952-478D6B0B3244}
	EndGlobalSection
EndGlobal
