
Microsoft Visual Studio Solution File, Format Version 12.00
# Visual Studio Version 17
VisualStudioVersion = 17.3.32825.248
MinimumVisualStudioVersion = 10.0.40219.1
Project("{9A19103F-16F7-4668-BE54-9A1E7A4F7556}") = "Macropus", "Macropus\Macropus.csproj", "{B852833B-48B8-4C72-B54B-770875F49100}"
EndProject
Project("{9A19103F-16F7-4668-BE54-9A1E7A4F7556}") = "Interfaces", "Interfaces\Interfaces.csproj", "{4E0FE93B-F960-4766-811E-2DB42E1D2F51}"
EndProject
Project("{FAE04EC0-301F-11D3-BF4B-00C04F79EFBC}") = "Database", "Database\Database\Database.csproj", "{E39F32E4-4A7B-43AE-9A8C-8A60D096B492}"
EndProject
Project("{FAE04EC0-301F-11D3-BF4B-00C04F79EFBC}") = "Tests", "Tests\Tests.csproj", "{0DE04E8A-8941-4279-933C-4EC3D560F8CE}"
EndProject
Project("{FAE04EC0-301F-11D3-BF4B-00C04F79EFBC}") = "ECS", "ECS\ECS\ECS.csproj", "{545ED6BE-038F-408A-B12E-5EAC21405A52}"
EndProject
Project("{FAE04EC0-301F-11D3-BF4B-00C04F79EFBC}") = "Schema", "Schema\Schema.csproj", "{FACBB3B3-E9B1-4B81-B238-91864215D506}"
EndProject
Project("{FAE04EC0-301F-11D3-BF4B-00C04F79EFBC}") = "Extensions", "Extensions\Extensions.csproj", "{44C1BF97-58F1-48BF-964A-833574B86CD9}"
EndProject
Project("{FAE04EC0-301F-11D3-BF4B-00C04F79EFBC}") = "Linq", "Linq\Linq.csproj", "{2FF93311-60A0-4D7C-9A1C-64351E0729FC}"
EndProject
Project("{FAE04EC0-301F-11D3-BF4B-00C04F79EFBC}") = "CoolStuff", "CoolStuff\CoolStuff.csproj", "{DAE55C8B-B10F-4DA3-AD9C-533A211E1E55}"
EndProject
Project("{FAE04EC0-301F-11D3-BF4B-00C04F79EFBC}") = "FileSystem", "FileSystem\FileSystem\FileSystem.csproj", "{8838F523-0541-44C3-A674-F9F5BD0CE9FA}"
EndProject
Project("{FAE04EC0-301F-11D3-BF4B-00C04F79EFBC}") = "FileSystem.Interfaces", "FileSystem\FileSystem.Interfaces\FileSystem.Interfaces.csproj", "{01731961-91C9-4126-93AA-85D7D1ACF682}"
EndProject
Project("{FAE04EC0-301F-11D3-BF4B-00C04F79EFBC}") = "Database.Interfaces", "Database\Database.Interfaces\Database.Interfaces.csproj", "{2493456D-5366-4A8F-BF3D-3C5653B4BB00}"
EndProject
Project("{2150E333-8FDC-42A3-9474-1A3956D46DE8}") = "Database", "Database", "{04AD8001-566B-4287-8952-478D6B0B3244}"
EndProject
Project("{2150E333-8FDC-42A3-9474-1A3956D46DE8}") = "FileSystem", "FileSystem", "{FF7B02A6-13AF-45C6-A3D9-7ACC52F782D9}"
EndProject
Project("{2150E333-8FDC-42A3-9474-1A3956D46DE8}") = "Modules", "Modules", "{5E7BC190-5F50-4016-A965-4C825C99AF47}"
EndProject
Project("{FAE04EC0-301F-11D3-BF4B-00C04F79EFBC}") = "Macropus.Modules", "Macropus.Modules\Macropus.Modules.csproj", "{10DC47F2-B02C-4B6F-AC9E-E5C722F28169}"
EndProject
Project("{FAE04EC0-301F-11D3-BF4B-00C04F79EFBC}") = "Project", "Project\Project.csproj", "{8C61AA9B-F3A3-4C2F-8CFF-E57C4347BEF9}"
EndProject
Project("{FAE04EC0-301F-11D3-BF4B-00C04F79EFBC}") = "WebBase", "WebBase\WebBase.csproj", "{09CC2325-FC82-4E8F-867D-919CA4246A07}"
EndProject
Project("{FAE04EC0-301F-11D3-BF4B-00C04F79EFBC}") = "Service", "Service\Service.csproj", "{9096BD7E-E148-4913-A96D-EEE4B0D85404}"
EndProject
Project("{2150E333-8FDC-42A3-9474-1A3956D46DE8}") = "Web", "Web", "{CD8EE505-145E-4771-AEAA-AF820600CA97}"
EndProject
Project("{FAE04EC0-301F-11D3-BF4B-00C04F79EFBC}") = "WebFront", "WebFront\WebFront.csproj", "{23E18125-D975-404D-81A2-099CDA34F5CA}"
EndProject
Project("{2150E333-8FDC-42A3-9474-1A3956D46DE8}") = "ECS", "ECS", "{C1DC01A2-C8A4-4D13-BAD3-CA89B887060C}"
EndProject
Project("{FAE04EC0-301F-11D3-BF4B-00C04F79EFBC}") = "ECS.Tests", "ECS\ECS.Tests\ECS.Tests.csproj", "{80D3EC5F-2869-4AD9-B314-E9CBC8AE23EB}"
EndProject
Project("{FAE04EC0-301F-11D3-BF4B-00C04F79EFBC}") = "Tests.Utils", "Tests.Utils\Tests.Utils.csproj", "{4DB5D806-6208-4549-8E30-34DE97307C9F}"
EndProject
Project("{FAE04EC0-301F-11D3-BF4B-00C04F79EFBC}") = "ECS.Serialize", "ECS\ECS.Serialize\ECS.Serialize.csproj", "{0BDF1B4A-B45B-4F75-988D-E781929035F5}"
EndProject
Project("{2150E333-8FDC-42A3-9474-1A3956D46DE8}") = "Odin", "Odin", "{9ABF68BC-CD1E-424C-A9E0-9F2528916C05}"
EndProject
Project("{FAE04EC0-301F-11D3-BF4B-00C04F79EFBC}") = "Odin", "Odin\Odin\Odin.csproj", "{B9508F0D-989F-47C2-B6D4-E810A7543506}"
EndProject
Project("{FAE04EC0-301F-11D3-BF4B-00C04F79EFBC}") = "Odin.Tests", "Odin\Odin.Tests\Odin.Tests.csproj", "{1D47123A-2C6B-45CE-BA22-0DFE2C51BE4F}"
EndProject
Global
	GlobalSection(SolutionConfigurationPlatforms) = preSolution
		Debug|Any CPU = Debug|Any CPU
		Release|Any CPU = Release|Any CPU
	EndGlobalSection
	GlobalSection(ProjectConfigurationPlatforms) = postSolution
		{B852833B-48B8-4C72-B54B-770875F49100}.Debug|Any CPU.ActiveCfg = Debug|Any CPU
		{B852833B-48B8-4C72-B54B-770875F49100}.Debug|Any CPU.Build.0 = Debug|Any CPU
		{B852833B-48B8-4C72-B54B-770875F49100}.Release|Any CPU.ActiveCfg = Release|Any CPU
		{B852833B-48B8-4C72-B54B-770875F49100}.Release|Any CPU.Build.0 = Release|Any CPU
		{4E0FE93B-F960-4766-811E-2DB42E1D2F51}.Debug|Any CPU.ActiveCfg = Debug|Any CPU
		{4E0FE93B-F960-4766-811E-2DB42E1D2F51}.Debug|Any CPU.Build.0 = Debug|Any CPU
		{4E0FE93B-F960-4766-811E-2DB42E1D2F51}.Release|Any CPU.ActiveCfg = Release|Any CPU
		{4E0FE93B-F960-4766-811E-2DB42E1D2F51}.Release|Any CPU.Build.0 = Release|Any CPU
		{E39F32E4-4A7B-43AE-9A8C-8A60D096B492}.Debug|Any CPU.ActiveCfg = Debug|Any CPU
		{E39F32E4-4A7B-43AE-9A8C-8A60D096B492}.Debug|Any CPU.Build.0 = Debug|Any CPU
		{E39F32E4-4A7B-43AE-9A8C-8A60D096B492}.Release|Any CPU.ActiveCfg = Release|Any CPU
		{E39F32E4-4A7B-43AE-9A8C-8A60D096B492}.Release|Any CPU.Build.0 = Release|Any CPU
		{0DE04E8A-8941-4279-933C-4EC3D560F8CE}.Debug|Any CPU.ActiveCfg = Debug|Any CPU
		{0DE04E8A-8941-4279-933C-4EC3D560F8CE}.Debug|Any CPU.Build.0 = Debug|Any CPU
		{0DE04E8A-8941-4279-933C-4EC3D560F8CE}.Release|Any CPU.ActiveCfg = Release|Any CPU
		{0DE04E8A-8941-4279-933C-4EC3D560F8CE}.Release|Any CPU.Build.0 = Release|Any CPU
		{545ED6BE-038F-408A-B12E-5EAC21405A52}.Debug|Any CPU.ActiveCfg = Debug|Any CPU
		{545ED6BE-038F-408A-B12E-5EAC21405A52}.Debug|Any CPU.Build.0 = Debug|Any CPU
		{545ED6BE-038F-408A-B12E-5EAC21405A52}.Release|Any CPU.ActiveCfg = Release|Any CPU
		{545ED6BE-038F-408A-B12E-5EAC21405A52}.Release|Any CPU.Build.0 = Release|Any CPU
		{FACBB3B3-E9B1-4B81-B238-91864215D506}.Debug|Any CPU.ActiveCfg = Debug|Any CPU
		{FACBB3B3-E9B1-4B81-B238-91864215D506}.Debug|Any CPU.Build.0 = Debug|Any CPU
		{FACBB3B3-E9B1-4B81-B238-91864215D506}.Release|Any CPU.ActiveCfg = Release|Any CPU
		{FACBB3B3-E9B1-4B81-B238-91864215D506}.Release|Any CPU.Build.0 = Release|Any CPU
		{44C1BF97-58F1-48BF-964A-833574B86CD9}.Debug|Any CPU.ActiveCfg = Debug|Any CPU
		{44C1BF97-58F1-48BF-964A-833574B86CD9}.Debug|Any CPU.Build.0 = Debug|Any CPU
		{44C1BF97-58F1-48BF-964A-833574B86CD9}.Release|Any CPU.ActiveCfg = Release|Any CPU
		{44C1BF97-58F1-48BF-964A-833574B86CD9}.Release|Any CPU.Build.0 = Release|Any CPU
		{2FF93311-60A0-4D7C-9A1C-64351E0729FC}.Debug|Any CPU.ActiveCfg = Debug|Any CPU
		{2FF93311-60A0-4D7C-9A1C-64351E0729FC}.Debug|Any CPU.Build.0 = Debug|Any CPU
		{2FF93311-60A0-4D7C-9A1C-64351E0729FC}.Release|Any CPU.ActiveCfg = Release|Any CPU
		{2FF93311-60A0-4D7C-9A1C-64351E0729FC}.Release|Any CPU.Build.0 = Release|Any CPU
		{DAE55C8B-B10F-4DA3-AD9C-533A211E1E55}.Debug|Any CPU.ActiveCfg = Debug|Any CPU
		{DAE55C8B-B10F-4DA3-AD9C-533A211E1E55}.Debug|Any CPU.Build.0 = Debug|Any CPU
		{DAE55C8B-B10F-4DA3-AD9C-533A211E1E55}.Release|Any CPU.ActiveCfg = Release|Any CPU
		{DAE55C8B-B10F-4DA3-AD9C-533A211E1E55}.Release|Any CPU.Build.0 = Release|Any CPU
		{8838F523-0541-44C3-A674-F9F5BD0CE9FA}.Debug|Any CPU.ActiveCfg = Debug|Any CPU
		{8838F523-0541-44C3-A674-F9F5BD0CE9FA}.Debug|Any CPU.Build.0 = Debug|Any CPU
		{8838F523-0541-44C3-A674-F9F5BD0CE9FA}.Release|Any CPU.ActiveCfg = Release|Any CPU
		{8838F523-0541-44C3-A674-F9F5BD0CE9FA}.Release|Any CPU.Build.0 = Release|Any CPU
		{01731961-91C9-4126-93AA-85D7D1ACF682}.Debug|Any CPU.ActiveCfg = Debug|Any CPU
		{01731961-91C9-4126-93AA-85D7D1ACF682}.Debug|Any CPU.Build.0 = Debug|Any CPU
		{01731961-91C9-4126-93AA-85D7D1ACF682}.Release|Any CPU.ActiveCfg = Release|Any CPU
		{01731961-91C9-4126-93AA-85D7D1ACF682}.Release|Any CPU.Build.0 = Release|Any CPU
		{2493456D-5366-4A8F-BF3D-3C5653B4BB00}.Debug|Any CPU.ActiveCfg = Debug|Any CPU
		{2493456D-5366-4A8F-BF3D-3C5653B4BB00}.Debug|Any CPU.Build.0 = Debug|Any CPU
		{2493456D-5366-4A8F-BF3D-3C5653B4BB00}.Release|Any CPU.ActiveCfg = Release|Any CPU
		{2493456D-5366-4A8F-BF3D-3C5653B4BB00}.Release|Any CPU.Build.0 = Release|Any CPU
		{10DC47F2-B02C-4B6F-AC9E-E5C722F28169}.Debug|Any CPU.ActiveCfg = Debug|Any CPU
		{10DC47F2-B02C-4B6F-AC9E-E5C722F28169}.Debug|Any CPU.Build.0 = Debug|Any CPU
		{10DC47F2-B02C-4B6F-AC9E-E5C722F28169}.Release|Any CPU.ActiveCfg = Release|Any CPU
		{10DC47F2-B02C-4B6F-AC9E-E5C722F28169}.Release|Any CPU.Build.0 = Release|Any CPU
		{8C61AA9B-F3A3-4C2F-8CFF-E57C4347BEF9}.Debug|Any CPU.ActiveCfg = Debug|Any CPU
		{8C61AA9B-F3A3-4C2F-8CFF-E57C4347BEF9}.Debug|Any CPU.Build.0 = Debug|Any CPU
		{8C61AA9B-F3A3-4C2F-8CFF-E57C4347BEF9}.Release|Any CPU.ActiveCfg = Release|Any CPU
		{8C61AA9B-F3A3-4C2F-8CFF-E57C4347BEF9}.Release|Any CPU.Build.0 = Release|Any CPU
		{09CC2325-FC82-4E8F-867D-919CA4246A07}.Debug|Any CPU.ActiveCfg = Debug|Any CPU
		{09CC2325-FC82-4E8F-867D-919CA4246A07}.Debug|Any CPU.Build.0 = Debug|Any CPU
		{09CC2325-FC82-4E8F-867D-919CA4246A07}.Release|Any CPU.ActiveCfg = Release|Any CPU
		{09CC2325-FC82-4E8F-867D-919CA4246A07}.Release|Any CPU.Build.0 = Release|Any CPU
		{9096BD7E-E148-4913-A96D-EEE4B0D85404}.Debug|Any CPU.ActiveCfg = Debug|Any CPU
		{9096BD7E-E148-4913-A96D-EEE4B0D85404}.Debug|Any CPU.Build.0 = Debug|Any CPU
		{9096BD7E-E148-4913-A96D-EEE4B0D85404}.Release|Any CPU.ActiveCfg = Release|Any CPU
		{9096BD7E-E148-4913-A96D-EEE4B0D85404}.Release|Any CPU.Build.0 = Release|Any CPU
		{23E18125-D975-404D-81A2-099CDA34F5CA}.Debug|Any CPU.ActiveCfg = Debug|Any CPU
		{23E18125-D975-404D-81A2-099CDA34F5CA}.Debug|Any CPU.Build.0 = Debug|Any CPU
		{23E18125-D975-404D-81A2-099CDA34F5CA}.Release|Any CPU.ActiveCfg = Release|Any CPU
		{23E18125-D975-404D-81A2-099CDA34F5CA}.Release|Any CPU.Build.0 = Release|Any CPU
		{80D3EC5F-2869-4AD9-B314-E9CBC8AE23EB}.Debug|Any CPU.ActiveCfg = Debug|Any CPU
		{80D3EC5F-2869-4AD9-B314-E9CBC8AE23EB}.Debug|Any CPU.Build.0 = Debug|Any CPU
		{80D3EC5F-2869-4AD9-B314-E9CBC8AE23EB}.Release|Any CPU.ActiveCfg = Release|Any CPU
		{80D3EC5F-2869-4AD9-B314-E9CBC8AE23EB}.Release|Any CPU.Build.0 = Release|Any CPU
		{4DB5D806-6208-4549-8E30-34DE97307C9F}.Debug|Any CPU.ActiveCfg = Debug|Any CPU
		{4DB5D806-6208-4549-8E30-34DE97307C9F}.Debug|Any CPU.Build.0 = Debug|Any CPU
		{4DB5D806-6208-4549-8E30-34DE97307C9F}.Release|Any CPU.ActiveCfg = Release|Any CPU
		{4DB5D806-6208-4549-8E30-34DE97307C9F}.Release|Any CPU.Build.0 = Release|Any CPU
		{0BDF1B4A-B45B-4F75-988D-E781929035F5}.Debug|Any CPU.ActiveCfg = Debug|Any CPU
		{0BDF1B4A-B45B-4F75-988D-E781929035F5}.Debug|Any CPU.Build.0 = Debug|Any CPU
		{0BDF1B4A-B45B-4F75-988D-E781929035F5}.Release|Any CPU.ActiveCfg = Release|Any CPU
		{0BDF1B4A-B45B-4F75-988D-E781929035F5}.Release|Any CPU.Build.0 = Release|Any CPU
		{B9508F0D-989F-47C2-B6D4-E810A7543506}.Debug|Any CPU.ActiveCfg = Debug|Any CPU
		{B9508F0D-989F-47C2-B6D4-E810A7543506}.Debug|Any CPU.Build.0 = Debug|Any CPU
		{B9508F0D-989F-47C2-B6D4-E810A7543506}.Release|Any CPU.ActiveCfg = Release|Any CPU
		{B9508F0D-989F-47C2-B6D4-E810A7543506}.Release|Any CPU.Build.0 = Release|Any CPU
		{1D47123A-2C6B-45CE-BA22-0DFE2C51BE4F}.Debug|Any CPU.ActiveCfg = Debug|Any CPU
		{1D47123A-2C6B-45CE-BA22-0DFE2C51BE4F}.Debug|Any CPU.Build.0 = Debug|Any CPU
		{1D47123A-2C6B-45CE-BA22-0DFE2C51BE4F}.Release|Any CPU.ActiveCfg = Release|Any CPU
		{1D47123A-2C6B-45CE-BA22-0DFE2C51BE4F}.Release|Any CPU.Build.0 = Release|Any CPU
	EndGlobalSection
	GlobalSection(SolutionProperties) = preSolution
		HideSolutionNode = FALSE
	EndGlobalSection
	GlobalSection(ExtensibilityGlobals) = postSolution
		SolutionGuid = {5BDC59E7-78BF-4D75-B9C7-6247B34D9894}
	EndGlobalSection
	GlobalSection(NestedProjects) = preSolution
		{E39F32E4-4A7B-43AE-9A8C-8A60D096B492} = {04AD8001-566B-4287-8952-478D6B0B3244}
		{2493456D-5366-4A8F-BF3D-3C5653B4BB00} = {04AD8001-566B-4287-8952-478D6B0B3244}
		{8838F523-0541-44C3-A674-F9F5BD0CE9FA} = {FF7B02A6-13AF-45C6-A3D9-7ACC52F782D9}
		{01731961-91C9-4126-93AA-85D7D1ACF682} = {FF7B02A6-13AF-45C6-A3D9-7ACC52F782D9}
		{10DC47F2-B02C-4B6F-AC9E-E5C722F28169} = {5E7BC190-5F50-4016-A965-4C825C99AF47}
		{09CC2325-FC82-4E8F-867D-919CA4246A07} = {CD8EE505-145E-4771-AEAA-AF820600CA97}
		{23E18125-D975-404D-81A2-099CDA34F5CA} = {CD8EE505-145E-4771-AEAA-AF820600CA97}
		{545ED6BE-038F-408A-B12E-5EAC21405A52} = {C1DC01A2-C8A4-4D13-BAD3-CA89B887060C}
		{80D3EC5F-2869-4AD9-B314-E9CBC8AE23EB} = {C1DC01A2-C8A4-4D13-BAD3-CA89B887060C}
		{0BDF1B4A-B45B-4F75-988D-E781929035F5} = {C1DC01A2-C8A4-4D13-BAD3-CA89B887060C}
		{B9508F0D-989F-47C2-B6D4-E810A7543506} = {9ABF68BC-CD1E-424C-A9E0-9F2528916C05}
		{1D47123A-2C6B-45CE-BA22-0DFE2C51BE4F} = {9ABF68BC-CD1E-424C-A9E0-9F2528916C05}
	EndGlobalSection
EndGlobal
