{
  "version": 1,
  "dependencies": {
    "net7.0": {
      "Autofac": {
        "type": "Direct",
        "requested": "[6.4.0, )",
        "resolved": "6.4.0",
        "contentHash": "tkFxl6wAPuwVhrlN8wuNADnd+k2tv4ReP7ZZSL0vjfcN0RcfC9v25ogxK6b03HC7D4NwWjSLf1G/zTG8Bw43wQ==",
        "dependencies": {
          "System.Diagnostics.DiagnosticSource": "4.7.1"
        }
      },
      "Delogger": {
        "type": "Direct",
        "requested": "[1.0.1, )",
        "resolved": "1.0.1",
        "contentHash": "BxvhCRBkpnGYikUEDiJwQgpIuGt5Ili9kyauwu8p7SrnF4XidKI+/TGeZut/CIasQOU9k4Eon0kG9urOfA7m1A=="
      },
      "System.Reactive": {
        "type": "Direct",
        "requested": "[5.0.0, )",
        "resolved": "5.0.0",
        "contentHash": "erBZjkQHWL9jpasCE/0qKAryzVBJFxGHVBAvgRN1bzM0q2s1S4oYREEEL0Vb+1kA/6BKb5FjUZMp5VXmy+gzkQ=="
      },
      "YamlDotNet": {
        "type": "Direct",
        "requested": "[12.0.0, )",
        "resolved": "12.0.0",
        "contentHash": "sMp20zI63j7xVoor98vGeDxteLeyuAlM330L7XbXxMMPjLdP1mwoK/5Nn/8Vldc9hUMN5otkg88bVLEtQnPdaw=="
      },
      "AnyOf": {
        "type": "Transitive",
        "resolved": "0.3.0",
        "contentHash": "2jerEsjkCQ8o8w6CZRch3GnrdEw0fIDzMcalMx+JYfr0A+JtZwIhknlZ3xs+xdXHbTzRhi/7zpc3A1lawCUvTg=="
      },
      "AsyncKeyedLock": {
        "type": "Transitive",
        "resolved": "6.0.2",
        "contentHash": "VNwafSaTXvIDEy2jWnJykEsucLO1Jqb0cghGXYIBd6Gqr+zalePxeJIaD9oU7RQfXYkvTCHIaAJJICt8dD+ueg=="
      },
      "Microsoft.Extensions.DependencyInjection.Abstractions": {
        "type": "Transitive",
        "resolved": "6.0.0",
        "contentHash": "xlzi2IYREJH3/m6+lUrQlujzX8wDitm4QGnUu6kUXTQAWPuZY8i+ticFJbzfqaetLA6KR/rO6Ew/HuYD+bxifg=="
      },
      "System.Diagnostics.DiagnosticSource": {
        "type": "Transitive",
        "resolved": "4.7.1",
        "contentHash": "j81Lovt90PDAq8kLpaJfJKV/rWdWuEk6jfV+MBkee33vzYLEUsy4gXK8laa9V2nZlLM9VM9yA/OOQxxPEJKAMw=="
      },
      "coolstuff": {
        "type": "Project",
        "dependencies": {
          "AsyncKeyedLock": "[6.0.2, )"
        }
      },
      "database.interfaces": {
        "type": "Project",
        "dependencies": {
          "FileSystem.Interfaces": "[1.0.0, )"
        }
      },
      "extensions": {
        "type": "Project",
        "dependencies": {
          "AnyOf": "[0.3.0, )"
        }
      },
      "filesystem.interfaces": {
        "type": "Project"
      },
      "interfaces": {
        "type": "Project",
        "dependencies": {
          "Microsoft.Extensions.DependencyInjection.Abstractions": "[6.0.0, )"
        }
      },
      "linq": {
        "type": "Project"
      }
    }
  }
}