{
  "version": 1,
  "dependencies": {
    "net7.0": {
      "AnyOf": {
        "type": "Transitive",
        "resolved": "0.3.0",
        "contentHash": "2jerEsjkCQ8o8w6CZRch3GnrdEw0fIDzMcalMx+JYfr0A+JtZwIhknlZ3xs+xdXHbTzRhi/7zpc3A1lawCUvTg=="
      },
      "AsyncKeyedLock": {
        "type": "Transitive",
        "resolved": "5.1.2",
        "contentHash": "PRpjWySd2amMGy9PD+u2VifOsnzh+7oTR/klFvYv7PW2Uuk2h2cIlcl2VBZxWkcMzkw+7y+nGV14n+MWoLV8tQ=="
      },
      "coolstuff": {
        "type": "Project",
        "dependencies": {
          "AsyncKeyedLock": "[5.1.2, )"
        }
      },
      "extensions": {
        "type": "Project",
        "dependencies": {
          "AnyOf": "[0.3.0, )"
        }
      },
      "linq": {
        "type": "Project"
      }
    }
  }
}