{
  "version": 1,
  "dependencies": {
    "net7.0": {
      "AnyOf": {
        "type": "Transitive",
        "resolved": "0.3.0",
        "contentHash": "2jerEsjkCQ8o8w6CZRch3GnrdEw0fIDzMcalMx+JYfr0A+JtZwIhknlZ3xs+xdXHbTzRhi/7zpc3A1lawCUvTg=="
      },
      "AsyncKeyedLock": {
        "type": "Transitive",
        "resolved": "6.1.1",
        "contentHash": "8Qlf6yVa0iaHhiI1UWrYdFoHQWN+MChEu/1N9ryU0nGbvr8OxkHu4UcII3d+0E74WMop8YL/7wxaybnRZMdqnw=="
      },
      "coolstuff": {
        "type": "Project",
        "dependencies": {
          "AsyncKeyedLock": "[6.1.1, )"
        }
      },
      "extensions": {
        "type": "Project",
        "dependencies": {
          "AnyOf": "[0.3.0, )"
        }
      },
      "linq": {
        "type": "Project"
      }
    }
  }
}