{
  "version": 1,
  "dependencies": {
    "net7.0": {
      "AnyOf": {
        "type": "Transitive",
        "resolved": "0.3.0",
        "contentHash": "2jerEsjkCQ8o8w6CZRch3GnrdEw0fIDzMcalMx+JYfr0A+JtZwIhknlZ3xs+xdXHbTzRhi/7zpc3A1lawCUvTg=="
      },
      "AsyncKeyedLock": {
        "type": "Transitive",
        "resolved": "6.2.1",
        "contentHash": "WUvN3Q7aL3wARMcVi/KYTHjOC+0Ld+/ikKU6UGr4aOl7TuK1I2MNKeUkmfr7y4S3UNjQbpzNQCV2OcJq1S/yXg=="
      },
      "coolstuff": {
        "type": "Project",
        "dependencies": {
          "AsyncKeyedLock": "[6.2.1, )"
        }
      },
      "extensions": {
        "type": "Project",
        "dependencies": {
          "AnyOf": "[0.3.0, )"
        }
      },
      "linq": {
        "type": "Project"
      }
    }
  }
}