{
  "version": 1,
  "dependencies": {
    "net7.0": {
      "AsyncKeyedLock": {
        "type": "Direct",
        "requested": "[6.2.2, )",
        "resolved": "6.2.2",
        "contentHash": "LB7iArcNChVfIJ516K57P6/GuCfuRM3Rx+hwOvsez2zvR7WqJyfXvvkJTf1pXkQnk8DURVzjSaBil60uzsKEnw=="
      }
    }
  }
}