{
  "version": 1,
  "dependencies": {
    "net7.0": {
      "AsyncKeyedLock": {
        "type": "Direct",
        "requested": "[6.2.1, )",
        "resolved": "6.2.1",
        "contentHash": "WUvN3Q7aL3wARMcVi/KYTHjOC+0Ld+/ikKU6UGr4aOl7TuK1I2MNKeUkmfr7y4S3UNjQbpzNQCV2OcJq1S/yXg=="
      }
    }
  }
}